// !$*UTF8*$!
{
	archiveVersion = 1;
	classes = {
	};
	objectVersion = 50;
	objects = {

/* Begin PBXBuildFile section */
		EA6EA06123867699001F527B /* AppDelegate.swift in Sources */ = {isa = PBXBuildFile; fileRef = EA6EA06023867699001F527B /* AppDelegate.swift */; };
		EA6EA06323867699001F527B /* SceneDelegate.swift in Sources */ = {isa = PBXBuildFile; fileRef = EA6EA06223867699001F527B /* SceneDelegate.swift */; };
		EA6EA06823867699001F527B /* Main.storyboard in Resources */ = {isa = PBXBuildFile; fileRef = EA6EA06623867699001F527B /* Main.storyboard */; };
		EA6EA06A23867699001F527B /* Assets.xcassets in Resources */ = {isa = PBXBuildFile; fileRef = EA6EA06923867699001F527B /* Assets.xcassets */; };
		EA6EA06D23867699001F527B /* LaunchScreen.storyboard in Resources */ = {isa = PBXBuildFile; fileRef = EA6EA06B23867699001F527B /* LaunchScreen.storyboard */; };
		EA6EA0792386773D001F527B /* PhotoRecordState.swift in Sources */ = {isa = PBXBuildFile; fileRef = EA6EA0782386773D001F527B /* PhotoRecordState.swift */; };
		EA6EA07C238677A1001F527B /* PhotoRecord.swift in Sources */ = {isa = PBXBuildFile; fileRef = EA6EA07B238677A1001F527B /* PhotoRecord.swift */; };
		EA6EA07E238678D1001F527B /* PendingOperations.swift in Sources */ = {isa = PBXBuildFile; fileRef = EA6EA07D238678D1001F527B /* PendingOperations.swift */; };
		EA6EA08023867AF2001F527B /* ImageDownloader.swift in Sources */ = {isa = PBXBuildFile; fileRef = EA6EA07F23867AF2001F527B /* ImageDownloader.swift */; };
		EA6EA08223867BC7001F527B /* ImageFiltration.swift in Sources */ = {isa = PBXBuildFile; fileRef = EA6EA08123867BC7001F527B /* ImageFiltration.swift */; };
		EA6EA08423867D53001F527B /* ListViewController.swift in Sources */ = {isa = PBXBuildFile; fileRef = EA6EA08323867D53001F527B /* ListViewController.swift */; };
		EA6EA08E23868391001F527B /* PhotosTableViewCell.swift in Sources */ = {isa = PBXBuildFile; fileRef = EA6EA08C23868391001F527B /* PhotosTableViewCell.swift */; };
		EA6EA08F23868391001F527B /* PhotosTableViewCell.xib in Resources */ = {isa = PBXBuildFile; fileRef = EA6EA08D23868391001F527B /* PhotosTableViewCell.xib */; };
		EA6EA09223868B62001F527B /* Filters.swift in Sources */ = {isa = PBXBuildFile; fileRef = EA6EA09123868B62001F527B /* Filters.swift */; };
		EA6EA09523868DE4001F527B /* FilteredImageCollectionViewCell.swift in Sources */ = {isa = PBXBuildFile; fileRef = EA6EA09323868DE4001F527B /* FilteredImageCollectionViewCell.swift */; };
		EA6EA09623868DE4001F527B /* FilteredImageCollectionViewCell.xib in Resources */ = {isa = PBXBuildFile; fileRef = EA6EA09423868DE4001F527B /* FilteredImageCollectionViewCell.xib */; };
/* End PBXBuildFile section */

/* Begin PBXFileReference section */
		EA6EA05D23867699001F527B /* PhotoFilter.app */ = {isa = PBXFileReference; explicitFileType = wrapper.application; includeInIndex = 0; path = PhotoFilter.app; sourceTree = BUILT_PRODUCTS_DIR; };
		EA6EA06023867699001F527B /* AppDelegate.swift */ = {isa = PBXFileReference; lastKnownFileType = sourcecode.swift; path = AppDelegate.swift; sourceTree = "<group>"; };
		EA6EA06223867699001F527B /* SceneDelegate.swift */ = {isa = PBXFileReference; lastKnownFileType = sourcecode.swift; path = SceneDelegate.swift; sourceTree = "<group>"; };
		EA6EA06723867699001F527B /* Base */ = {isa = PBXFileReference; lastKnownFileType = file.storyboard; name = Base; path = Base.lproj/Main.storyboard; sourceTree = "<group>"; };
		EA6EA06923867699001F527B /* Assets.xcassets */ = {isa = PBXFileReference; lastKnownFileType = folder.assetcatalog; path = Assets.xcassets; sourceTree = "<group>"; };
		EA6EA06C23867699001F527B /* Base */ = {isa = PBXFileReference; lastKnownFileType = file.storyboard; name = Base; path = Base.lproj/LaunchScreen.storyboard; sourceTree = "<group>"; };
		EA6EA06E23867699001F527B /* Info.plist */ = {isa = PBXFileReference; lastKnownFileType = text.plist.xml; path = Info.plist; sourceTree = "<group>"; };
		EA6EA0782386773D001F527B /* PhotoRecordState.swift */ = {isa = PBXFileReference; lastKnownFileType = sourcecode.swift; path = PhotoRecordState.swift; sourceTree = "<group>"; };
		EA6EA07B238677A1001F527B /* PhotoRecord.swift */ = {isa = PBXFileReference; lastKnownFileType = sourcecode.swift; path = PhotoRecord.swift; sourceTree = "<group>"; };
		EA6EA07D238678D1001F527B /* PendingOperations.swift */ = {isa = PBXFileReference; lastKnownFileType = sourcecode.swift; path = PendingOperations.swift; sourceTree = "<group>"; };
		EA6EA07F23867AF2001F527B /* ImageDownloader.swift */ = {isa = PBXFileReference; lastKnownFileType = sourcecode.swift; path = ImageDownloader.swift; sourceTree = "<group>"; };
		EA6EA08123867BC7001F527B /* ImageFiltration.swift */ = {isa = PBXFileReference; lastKnownFileType = sourcecode.swift; path = ImageFiltration.swift; sourceTree = "<group>"; };
		EA6EA08323867D53001F527B /* ListViewController.swift */ = {isa = PBXFileReference; lastKnownFileType = sourcecode.swift; path = ListViewController.swift; sourceTree = "<group>"; };
		EA6EA08C23868391001F527B /* PhotosTableViewCell.swift */ = {isa = PBXFileReference; lastKnownFileType = sourcecode.swift; path = PhotosTableViewCell.swift; sourceTree = "<group>"; };
		EA6EA08D23868391001F527B /* PhotosTableViewCell.xib */ = {isa = PBXFileReference; lastKnownFileType = file.xib; path = PhotosTableViewCell.xib; sourceTree = "<group>"; };
		EA6EA09123868B62001F527B /* Filters.swift */ = {isa = PBXFileReference; lastKnownFileType = sourcecode.swift; path = Filters.swift; sourceTree = "<group>"; };
		EA6EA09323868DE4001F527B /* FilteredImageCollectionViewCell.swift */ = {isa = PBXFileReference; lastKnownFileType = sourcecode.swift; path = FilteredImageCollectionViewCell.swift; sourceTree = "<group>"; };
		EA6EA09423868DE4001F527B /* FilteredImageCollectionViewCell.xib */ = {isa = PBXFileReference; lastKnownFileType = file.xib; path = FilteredImageCollectionViewCell.xib; sourceTree = "<group>"; };
/* End PBXFileReference section */

/* Begin PBXFrameworksBuildPhase section */
		EA6EA05A23867699001F527B /* Frameworks */ = {
			isa = PBXFrameworksBuildPhase;
			buildActionMask = 2147483647;
			files = (
			);
			runOnlyForDeploymentPostprocessing = 0;
		};
/* End PBXFrameworksBuildPhase section */

/* Begin PBXGroup section */
		EA6EA05423867699001F527B = {
			isa = PBXGroup;
			children = (
				EA6EA05F23867699001F527B /* PhotoFilter */,
				EA6EA05E23867699001F527B /* Products */,
			);
			sourceTree = "<group>";
		};
		EA6EA05E23867699001F527B /* Products */ = {
			isa = PBXGroup;
			children = (
				EA6EA05D23867699001F527B /* PhotoFilter.app */,
			);
			name = Products;
			sourceTree = "<group>";
		};
		EA6EA05F23867699001F527B /* PhotoFilter */ = {
			isa = PBXGroup;
			children = (
				EA6EA076238676E9001F527B /* Model */,
				EA6EA075238676DE001F527B /* View */,
				EA6EA074238676CC001F527B /* Controller */,
				EA6EA08723867FFC001F527B /* Extensions */,
				EA6EA077238676FD001F527B /* Supporting Files */,
			);
			path = PhotoFilter;
			sourceTree = "<group>";
		};
		EA6EA074238676CC001F527B /* Controller */ = {
			isa = PBXGroup;
			children = (
				EA6EA06623867699001F527B /* Main.storyboard */,
				EA6EA08323867D53001F527B /* ListViewController.swift */,
			);
			path = Controller;
			sourceTree = "<group>";
		};
		EA6EA075238676DE001F527B /* View */ = {
			isa = PBXGroup;
			children = (
				EA6EA09023868650001F527B /* PhotosTableViewCell */,
				EA6EA09823868DF1001F527B /* FilteredImageCollectionViewCell */,
			);
			path = View;
			sourceTree = "<group>";
		};
		EA6EA076238676E9001F527B /* Model */ = {
			isa = PBXGroup;
			children = (
				EA6EA0782386773D001F527B /* PhotoRecordState.swift */,
				EA6EA07B238677A1001F527B /* PhotoRecord.swift */,
				EA6EA07D238678D1001F527B /* PendingOperations.swift */,
				EA6EA07F23867AF2001F527B /* ImageDownloader.swift */,
				EA6EA08123867BC7001F527B /* ImageFiltration.swift */,
				EA6EA09123868B62001F527B /* Filters.swift */,
			);
			path = Model;
			sourceTree = "<group>";
		};
		EA6EA077238676FD001F527B /* Supporting Files */ = {
			isa = PBXGroup;
			children = (
				EA6EA06023867699001F527B /* AppDelegate.swift */,
				EA6EA06223867699001F527B /* SceneDelegate.swift */,
				EA6EA06923867699001F527B /* Assets.xcassets */,
				EA6EA06B23867699001F527B /* LaunchScreen.storyboard */,
				EA6EA06E23867699001F527B /* Info.plist */,
			);
			name = "Supporting Files";
			sourceTree = "<group>";
		};
		EA6EA08723867FFC001F527B /* Extensions */ = {
			isa = PBXGroup;
			children = (
			);
			path = Extensions;
			sourceTree = "<group>";
		};
		EA6EA09023868650001F527B /* PhotosTableViewCell */ = {
			isa = PBXGroup;
			children = (
				EA6EA08C23868391001F527B /* PhotosTableViewCell.swift */,
				EA6EA08D23868391001F527B /* PhotosTableViewCell.xib */,
			);
			path = PhotosTableViewCell;
			sourceTree = "<group>";
		};
		EA6EA09823868DF1001F527B /* FilteredImageCollectionViewCell */ = {
			isa = PBXGroup;
			children = (
				EA6EA09323868DE4001F527B /* FilteredImageCollectionViewCell.swift */,
				EA6EA09423868DE4001F527B /* FilteredImageCollectionViewCell.xib */,
			);
			path = FilteredImageCollectionViewCell;
			sourceTree = "<group>";
		};
/* End PBXGroup section */

/* Begin PBXNativeTarget section */
		EA6EA05C23867699001F527B /* PhotoFilter */ = {
			isa = PBXNativeTarget;
			buildConfigurationList = EA6EA07123867699001F527B /* Build configuration list for PBXNativeTarget "PhotoFilter" */;
			buildPhases = (
				EA6EA05923867699001F527B /* Sources */,
				EA6EA05A23867699001F527B /* Frameworks */,
				EA6EA05B23867699001F527B /* Resources */,
			);
			buildRules = (
			);
			dependencies = (
			);
			name = PhotoFilter;
			productName = PhotoFilter;
			productReference = EA6EA05D23867699001F527B /* PhotoFilter.app */;
			productType = "com.apple.product-type.application";
		};
/* End PBXNativeTarget section */

/* Begin PBXProject section */
		EA6EA05523867699001F527B /* Project object */ = {
			isa = PBXProject;
			attributes = {
				LastSwiftUpdateCheck = 1100;
				LastUpgradeCheck = 1100;
				ORGANIZATIONNAME = "Illia Khrypunov";
				TargetAttributes = {
					EA6EA05C23867699001F527B = {
						CreatedOnToolsVersion = 11.0;
					};
				};
			};
			buildConfigurationList = EA6EA05823867699001F527B /* Build configuration list for PBXProject "PhotoFilter" */;
			compatibilityVersion = "Xcode 9.3";
			developmentRegion = en;
			hasScannedForEncodings = 0;
			knownRegions = (
				en,
				Base,
			);
			mainGroup = EA6EA05423867699001F527B;
			productRefGroup = EA6EA05E23867699001F527B /* Products */;
			projectDirPath = "";
			projectRoot = "";
			targets = (
				EA6EA05C23867699001F527B /* PhotoFilter */,
			);
		};
/* End PBXProject section */

/* Begin PBXResourcesBuildPhase section */
		EA6EA05B23867699001F527B /* Resources */ = {
			isa = PBXResourcesBuildPhase;
			buildActionMask = 2147483647;
			files = (
				EA6EA08F23868391001F527B /* PhotosTableViewCell.xib in Resources */,
				EA6EA06D23867699001F527B /* LaunchScreen.storyboard in Resources */,
				EA6EA06A23867699001F527B /* Assets.xcassets in Resources */,
				EA6EA06823867699001F527B /* Main.storyboard in Resources */,
				EA6EA09623868DE4001F527B /* FilteredImageCollectionViewCell.xib in Resources */,
			);
			runOnlyForDeploymentPostprocessing = 0;
		};
/* End PBXResourcesBuildPhase section */

/* Begin PBXSourcesBuildPhase section */
		EA6EA05923867699001F527B /* Sources */ = {
			isa = PBXSourcesBuildPhase;
			buildActionMask = 2147483647;
			files = (
				EA6EA08E23868391001F527B /* PhotosTableViewCell.swift in Sources */,
				EA6EA09223868B62001F527B /* Filters.swift in Sources */,
				EA6EA06123867699001F527B /* AppDelegate.swift in Sources */,
				EA6EA08023867AF2001F527B /* ImageDownloader.swift in Sources */,
				EA6EA06323867699001F527B /* SceneDelegate.swift in Sources */,
				EA6EA07E238678D1001F527B /* PendingOperations.swift in Sources */,
				EA6EA07C238677A1001F527B /* PhotoRecord.swift in Sources */,
				EA6EA0792386773D001F527B /* PhotoRecordState.swift in Sources */,
				EA6EA09523868DE4001F527B /* FilteredImageCollectionViewCell.swift in Sources */,
				EA6EA08423867D53001F527B /* ListViewController.swift in Sources */,
				EA6EA08223867BC7001F527B /* ImageFiltration.swift in Sources */,
			);
			runOnlyForDeploymentPostprocessing = 0;
		};
/* End PBXSourcesBuildPhase section */

/* Begin PBXVariantGroup section */
		EA6EA06623867699001F527B /* Main.storyboard */ = {
			isa = PBXVariantGroup;
			children = (
				EA6EA06723867699001F527B /* Base */,
			);
			name = Main.storyboard;
			sourceTree = "<group>";
		};
		EA6EA06B23867699001F527B /* LaunchScreen.storyboard */ = {
			isa = PBXVariantGroup;
			children = (
				EA6EA06C23867699001F527B /* Base */,
			);
			name = LaunchScreen.storyboard;
			sourceTree = "<group>";
		};
/* End PBXVariantGroup section */

/* Begin XCBuildConfiguration section */
		EA6EA06F23867699001F527B /* Debug */ = {
			isa = XCBuildConfiguration;
			buildSettings = {
				ALWAYS_SEARCH_USER_PATHS = NO;
				CLANG_ANALYZER_NONNULL = YES;
				CLANG_ANALYZER_NUMBER_OBJECT_CONVERSION = YES_AGGRESSIVE;
				CLANG_CXX_LANGUAGE_STANDARD = "gnu++14";
				CLANG_CXX_LIBRARY = "libc++";
				CLANG_ENABLE_MODULES = YES;
				CLANG_ENABLE_OBJC_ARC = YES;
				CLANG_ENABLE_OBJC_WEAK = YES;
				CLANG_WARN_BLOCK_CAPTURE_AUTORELEASING = YES;
				CLANG_WARN_BOOL_CONVERSION = YES;
				CLANG_WARN_COMMA = YES;
				CLANG_WARN_CONSTANT_CONVERSION = YES;
				CLANG_WARN_DEPRECATED_OBJC_IMPLEMENTATIONS = YES;
				CLANG_WARN_DIRECT_OBJC_ISA_USAGE = YES_ERROR;
				CLANG_WARN_DOCUMENTATION_COMMENTS = YES;
				CLANG_WARN_EMPTY_BODY = YES;
				CLANG_WARN_ENUM_CONVERSION = YES;
				CLANG_WARN_INFINITE_RECURSION = YES;
				CLANG_WARN_INT_CONVERSION = YES;
				CLANG_WARN_NON_LITERAL_NULL_CONVERSION = YES;
				CLANG_WARN_OBJC_IMPLICIT_RETAIN_SELF = YES;
				CLANG_WARN_OBJC_LITERAL_CONVERSION = YES;
				CLANG_WARN_OBJC_ROOT_CLASS = YES_ERROR;
				CLANG_WARN_RANGE_LOOP_ANALYSIS = YES;
				CLANG_WARN_STRICT_PROTOTYPES = YES;
				CLANG_WARN_SUSPICIOUS_MOVE = YES;
				CLANG_WARN_UNGUARDED_AVAILABILITY = YES_AGGRESSIVE;
				CLANG_WARN_UNREACHABLE_CODE = YES;
				CLANG_WARN__DUPLICATE_METHOD_MATCH = YES;
				COPY_PHASE_STRIP = NO;
				DEBUG_INFORMATION_FORMAT = dwarf;
				ENABLE_STRICT_OBJC_MSGSEND = YES;
				ENABLE_TESTABILITY = YES;
				GCC_C_LANGUAGE_STANDARD = gnu11;
				GCC_DYNAMIC_NO_PIC = NO;
				GCC_NO_COMMON_BLOCKS = YES;
				GCC_OPTIMIZATION_LEVEL = 0;
				GCC_PREPROCESSOR_DEFINITIONS = (
					"DEBUG=1",
					"$(inherited)",
				);
				GCC_WARN_64_TO_32_BIT_CONVERSION = YES;
				GCC_WARN_ABOUT_RETURN_TYPE = YES_ERROR;
				GCC_WARN_UNDECLARED_SELECTOR = YES;
				GCC_WARN_UNINITIALIZED_AUTOS = YES_AGGRESSIVE;
				GCC_WARN_UNUSED_FUNCTION = YES;
				GCC_WARN_UNUSED_VARIABLE = YES;
				IPHONEOS_DEPLOYMENT_TARGET = 13.0;
				MTL_ENABLE_DEBUG_INFO = INCLUDE_SOURCE;
				MTL_FAST_MATH = YES;
				ONLY_ACTIVE_ARCH = YES;
				SDKROOT = iphoneos;
				SWIFT_ACTIVE_COMPILATION_CONDITIONS = DEBUG;
				SWIFT_OPTIMIZATION_LEVEL = "-Onone";
			};
			name = Debug;
		};
		EA6EA07023867699001F527B /* Release */ = {
			isa = XCBuildConfiguration;
			buildSettings = {
				ALWAYS_SEARCH_USER_PATHS = NO;
				CLANG_ANALYZER_NONNULL = YES;
				CLANG_ANALYZER_NUMBER_OBJECT_CONVERSION = YES_AGGRESSIVE;
				CLANG_CXX_LANGUAGE_STANDARD = "gnu++14";
				CLANG_CXX_LIBRARY = "libc++";
				CLANG_ENABLE_MODULES = YES;
				CLANG_ENABLE_OBJC_ARC = YES;
				CLANG_ENABLE_OBJC_WEAK = YES;
				CLANG_WARN_BLOCK_CAPTURE_AUTORELEASING = YES;
				CLANG_WARN_BOOL_CONVERSION = YES;
				CLANG_WARN_COMMA = YES;
				CLANG_WARN_CONSTANT_CONVERSION = YES;
				CLANG_WARN_DEPRECATED_OBJC_IMPLEMENTATIONS = YES;
				CLANG_WARN_DIRECT_OBJC_ISA_USAGE = YES_ERROR;
				CLANG_WARN_DOCUMENTATION_COMMENTS = YES;
				CLANG_WARN_EMPTY_BODY = YES;
				CLANG_WARN_ENUM_CONVERSION = YES;
				CLANG_WARN_INFINITE_RECURSION = YES;
				CLANG_WARN_INT_CONVERSION = YES;
				CLANG_WARN_NON_LITERAL_NULL_CONVERSION = YES;
				CLANG_WARN_OBJC_IMPLICIT_RETAIN_SELF = YES;
				CLANG_WARN_OBJC_LITERAL_CONVERSION = YES;
				CLANG_WARN_OBJC_ROOT_CLASS = YES_ERROR;
				CLANG_WARN_RANGE_LOOP_ANALYSIS = YES;
				CLANG_WARN_STRICT_PROTOTYPES = YES;
				CLANG_WARN_SUSPICIOUS_MOVE = YES;
				CLANG_WARN_UNGUARDED_AVAILABILITY = YES_AGGRESSIVE;
				CLANG_WARN_UNREACHABLE_CODE = YES;
				CLANG_WARN__DUPLICATE_METHOD_MATCH = YES;
				COPY_PHASE_STRIP = NO;
				DEBUG_INFORMATION_FORMAT = "dwarf-with-dsym";
				ENABLE_NS_ASSERTIONS = NO;
				ENABLE_STRICT_OBJC_MSGSEND = YES;
				GCC_C_LANGUAGE_STANDARD = gnu11;
				GCC_NO_COMMON_BLOCKS = YES;
				GCC_WARN_64_TO_32_BIT_CONVERSION = YES;
				GCC_WARN_ABOUT_RETURN_TYPE = YES_ERROR;
				GCC_WARN_UNDECLARED_SELECTOR = YES;
				GCC_WARN_UNINITIALIZED_AUTOS = YES_AGGRESSIVE;
				GCC_WARN_UNUSED_FUNCTION = YES;
				GCC_WARN_UNUSED_VARIABLE = YES;
				IPHONEOS_DEPLOYMENT_TARGET = 13.0;
				MTL_ENABLE_DEBUG_INFO = NO;
				MTL_FAST_MATH = YES;
				SDKROOT = iphoneos;
				SWIFT_COMPILATION_MODE = wholemodule;
				SWIFT_OPTIMIZATION_LEVEL = "-O";
				VALIDATE_PRODUCT = YES;
			};
			name = Release;
		};
		EA6EA07223867699001F527B /* Debug */ = {
			isa = XCBuildConfiguration;
			buildSettings = {
				ASSETCATALOG_COMPILER_APPICON_NAME = AppIcon;
				CODE_SIGN_STYLE = Automatic;
				DEVELOPMENT_TEAM = 4XL84F39P3;
				INFOPLIST_FILE = PhotoFilter/Info.plist;
				LD_RUNPATH_SEARCH_PATHS = (
					"$(inherited)",
					"@executable_path/Frameworks",
				);
				PRODUCT_BUNDLE_IDENTIFIER = com.captainblack.PhotoFilter;
				PRODUCT_NAME = "$(TARGET_NAME)";
				SWIFT_VERSION = 5.0;
				TARGETED_DEVICE_FAMILY = "1,2";
			};
			name = Debug;
		};
		EA6EA07323867699001F527B /* Release */ = {
			isa = XCBuildConfiguration;
			buildSettings = {
				ASSETCATALOG_COMPILER_APPICON_NAME = AppIcon;
				CODE_SIGN_STYLE = Automatic;
				DEVELOPMENT_TEAM = 4XL84F39P3;
				INFOPLIST_FILE = PhotoFilter/Info.plist;
				LD_RUNPATH_SEARCH_PATHS = (
					"$(inherited)",
					"@executable_path/Frameworks",
				);
				PRODUCT_BUNDLE_IDENTIFIER = com.captainblack.PhotoFilter;
				PRODUCT_NAME = "$(TARGET_NAME)";
				SWIFT_VERSION = 5.0;
				TARGETED_DEVICE_FAMILY = "1,2";
			};
			name = Release;
		};
/* End XCBuildConfiguration section */

/* Begin XCConfigurationList section */
		EA6EA05823867699001F527B /* Build configuration list for PBXProject "PhotoFilter" */ = {
			isa = XCConfigurationList;
			buildConfigurations = (
				EA6EA06F23867699001F527B /* Debug */,
				EA6EA07023867699001F527B /* Release */,
			);
			defaultConfigurationIsVisible = 0;
			defaultConfigurationName = Release;
		};
		EA6EA07123867699001F527B /* Build configuration list for PBXNativeTarget "PhotoFilter" */ = {
			isa = XCConfigurationList;
			buildConfigurations = (
				EA6EA07223867699001F527B /* Debug */,
				EA6EA07323867699001F527B /* Release */,
			);
			defaultConfigurationIsVisible = 0;
			defaultConfigurationName = Release;
		};
/* End XCConfigurationList section */
	};
	rootObject = EA6EA05523867699001F527B /* Project object */;
}
